
Microsoft Visual Studio Solution File, Format Version 12.00
# Visual Studio 15
VisualStudioVersion = 15.0.27130.2027
MinimumVisualStudioVersion = 10.0.40219.1
Project("{2150E333-8FDC-42A3-9474-1A3956D46DE8}") = "CommandLines", "CommandLines", "{06A4279F-4042-46D4-9AD4-D1CA71263E19}"
	ProjectSection(SolutionItems) = preProject
		CommandLines\dotnet-commandLines.js = CommandLines\dotnet-commandLines.js
		CommandLines\rabbitmq-commandLines.js = CommandLines\rabbitmq-commandLines.js
	EndProjectSection
EndProject
Project("{9A19103F-16F7-4668-BE54-9A1E7A4F7556}") = "Send", "Send\Send.csproj", "{6545C207-82B2-43E0-82E0-A885ACA37474}"
EndProject
Project("{9A19103F-16F7-4668-BE54-9A1E7A4F7556}") = "Receive", "Receive\Receive.csproj", "{04339879-BB5A-4E2D-B3A7-89CC56AFD0D6}"
EndProject
Project("{2150E333-8FDC-42A3-9474-1A3956D46DE8}") = "Solution Items", "Solution Items", "{494CF4FB-5A6C-4F19-B6AA-163D8DCC3F4D}"
	ProjectSection(SolutionItems) = preProject
		README.md = README.md
	EndProjectSection
EndProject
Project("{9A19103F-16F7-4668-BE54-9A1E7A4F7556}") = "UtilitiesClassLibrary", "UtilitiesClassLibrary\UtilitiesClassLibrary.csproj", "{E582E9BC-DA19-4E21-A7A9-809584ADA5EC}"
EndProject
Project("{9A19103F-16F7-4668-BE54-9A1E7A4F7556}") = "FuncTests", "FuncTests\FuncTests.csproj", "{2473B968-29DF-499C-B126-81F3D221059A}"
EndProject
Project("{2150E333-8FDC-42A3-9474-1A3956D46DE8}") = "rabbitmq.com", "rabbitmq.com", "{F3DB22F5-351B-44E2-B17E-40F708D5D69E}"
EndProject
Project("{9A19103F-16F7-4668-BE54-9A1E7A4F7556}") = "Producer", "rabbitmq.com\tutorials\tutorial-one-dotnet\send\Producer\Producer.csproj", "{AA8E02F0-232C-4A20-90A6-FF0AA8BACEA5}"
EndProject
Project("{2150E333-8FDC-42A3-9474-1A3956D46DE8}") = "tutorials", "tutorials", "{2AEB94E8-0D01-4440-AC4F-842522C6C604}"
EndProject
Project("{2150E333-8FDC-42A3-9474-1A3956D46DE8}") = "tutorial-one-dotnet", "tutorial-one-dotnet", "{3F40C4FB-4BBF-4EE2-93F4-9789CACA7FD4}"
EndProject
Project("{2150E333-8FDC-42A3-9474-1A3956D46DE8}") = "send", "send", "{91CDABAC-D2D8-484C-B606-B451D9F6BBCC}"
EndProject
Project("{2150E333-8FDC-42A3-9474-1A3956D46DE8}") = "Producer", "Producer", "{2D225523-600E-4DE4-ADFF-F80F15E2501D}"
EndProject
Project("{2150E333-8FDC-42A3-9474-1A3956D46DE8}") = "Consumer", "Consumer", "{09DFF428-0FAD-4E72-BCAC-E80A8977A201}"
EndProject
Project("{2150E333-8FDC-42A3-9474-1A3956D46DE8}") = "receive", "receive", "{354B1E56-7C2C-4A23-B3AF-32D21CAAF417}"
EndProject
Project("{9A19103F-16F7-4668-BE54-9A1E7A4F7556}") = "Receiver", "rabbitmq.com\tutorials\tutorial-one-dotnet\receive\Receiver\Receiver.csproj", "{DBBB8C8F-A697-4F4E-82A5-D180D5A0EB74}"
EndProject
Project("{2150E333-8FDC-42A3-9474-1A3956D46DE8}") = "gggTestUtilities", "gggTestUtilities", "{F92C8365-73C6-4D74-B796-0E567B7A5C14}"
EndProject
Project("{9A19103F-16F7-4668-BE54-9A1E7A4F7556}") = "TestUtilities", "rabbitmq.com\gggTestUtilities\TestUtilities\TestUtilities.csproj", "{ED5E4A31-D051-4DA5-A416-FD47AD824B04}"
EndProject
Project("{2150E333-8FDC-42A3-9474-1A3956D46DE8}") = "tutorial-two-dotnet", "tutorial-two-dotnet", "{910CCFEC-E9BB-4264-97EE-980A00AC001F}"
EndProject
Project("{2150E333-8FDC-42A3-9474-1A3956D46DE8}") = "NewTask", "NewTask", "{43C73404-0C24-4A27-B283-3410E3566B55}"
EndProject
Project("{9A19103F-16F7-4668-BE54-9A1E7A4F7556}") = "NewTaskConsole", "rabbitmq.com\tutorials\tutorial-two-dotnet\NewTask\NewTaskConsole\NewTaskConsole.csproj", "{35A34DFD-2D41-40E2-A664-3270CB660A18}"
EndProject
Project("{2150E333-8FDC-42A3-9474-1A3956D46DE8}") = "RoundRobinDispatching", "RoundRobinDispatching", "{CADBEF18-C5F5-4D31-8AC6-87A3CD13791E}"
EndProject
Project("{FAE04EC0-301F-11D3-BF4B-00C04F79EFBC}") = "RoundRobinDispatchingConsole", "rabbitmq.com\tutorials\tutorial-two-dotnet\RoundRobinDispatching\RoundRobinDispatchingConsole\RoundRobinDispatchingConsole.csproj", "{F467FD8C-AE4C-4E4D-96F2-44B2B064BB0D}"
EndProject
Global
	GlobalSection(SolutionConfigurationPlatforms) = preSolution
		Debug|Any CPU = Debug|Any CPU
		Release|Any CPU = Release|Any CPU
	EndGlobalSection
	GlobalSection(ProjectConfigurationPlatforms) = postSolution
		{6545C207-82B2-43E0-82E0-A885ACA37474}.Debug|Any CPU.ActiveCfg = Debug|Any CPU
		{6545C207-82B2-43E0-82E0-A885ACA37474}.Debug|Any CPU.Build.0 = Debug|Any CPU
		{6545C207-82B2-43E0-82E0-A885ACA37474}.Release|Any CPU.ActiveCfg = Release|Any CPU
		{6545C207-82B2-43E0-82E0-A885ACA37474}.Release|Any CPU.Build.0 = Release|Any CPU
		{04339879-BB5A-4E2D-B3A7-89CC56AFD0D6}.Debug|Any CPU.ActiveCfg = Debug|Any CPU
		{04339879-BB5A-4E2D-B3A7-89CC56AFD0D6}.Debug|Any CPU.Build.0 = Debug|Any CPU
		{04339879-BB5A-4E2D-B3A7-89CC56AFD0D6}.Release|Any CPU.ActiveCfg = Release|Any CPU
		{04339879-BB5A-4E2D-B3A7-89CC56AFD0D6}.Release|Any CPU.Build.0 = Release|Any CPU
		{E582E9BC-DA19-4E21-A7A9-809584ADA5EC}.Debug|Any CPU.ActiveCfg = Debug|Any CPU
		{E582E9BC-DA19-4E21-A7A9-809584ADA5EC}.Debug|Any CPU.Build.0 = Debug|Any CPU
		{E582E9BC-DA19-4E21-A7A9-809584ADA5EC}.Release|Any CPU.ActiveCfg = Release|Any CPU
		{E582E9BC-DA19-4E21-A7A9-809584ADA5EC}.Release|Any CPU.Build.0 = Release|Any CPU
		{2473B968-29DF-499C-B126-81F3D221059A}.Debug|Any CPU.ActiveCfg = Debug|Any CPU
		{2473B968-29DF-499C-B126-81F3D221059A}.Debug|Any CPU.Build.0 = Debug|Any CPU
		{2473B968-29DF-499C-B126-81F3D221059A}.Release|Any CPU.ActiveCfg = Release|Any CPU
		{2473B968-29DF-499C-B126-81F3D221059A}.Release|Any CPU.Build.0 = Release|Any CPU
		{AA8E02F0-232C-4A20-90A6-FF0AA8BACEA5}.Debug|Any CPU.ActiveCfg = Debug|Any CPU
		{AA8E02F0-232C-4A20-90A6-FF0AA8BACEA5}.Debug|Any CPU.Build.0 = Debug|Any CPU
		{AA8E02F0-232C-4A20-90A6-FF0AA8BACEA5}.Release|Any CPU.ActiveCfg = Release|Any CPU
		{AA8E02F0-232C-4A20-90A6-FF0AA8BACEA5}.Release|Any CPU.Build.0 = Release|Any CPU
		{DBBB8C8F-A697-4F4E-82A5-D180D5A0EB74}.Debug|Any CPU.ActiveCfg = Debug|Any CPU
		{DBBB8C8F-A697-4F4E-82A5-D180D5A0EB74}.Debug|Any CPU.Build.0 = Debug|Any CPU
		{DBBB8C8F-A697-4F4E-82A5-D180D5A0EB74}.Release|Any CPU.ActiveCfg = Release|Any CPU
		{DBBB8C8F-A697-4F4E-82A5-D180D5A0EB74}.Release|Any CPU.Build.0 = Release|Any CPU
		{ED5E4A31-D051-4DA5-A416-FD47AD824B04}.Debug|Any CPU.ActiveCfg = Debug|Any CPU
		{ED5E4A31-D051-4DA5-A416-FD47AD824B04}.Debug|Any CPU.Build.0 = Debug|Any CPU
		{ED5E4A31-D051-4DA5-A416-FD47AD824B04}.Release|Any CPU.ActiveCfg = Release|Any CPU
		{ED5E4A31-D051-4DA5-A416-FD47AD824B04}.Release|Any CPU.Build.0 = Release|Any CPU
		{35A34DFD-2D41-40E2-A664-3270CB660A18}.Debug|Any CPU.ActiveCfg = Debug|Any CPU
		{35A34DFD-2D41-40E2-A664-3270CB660A18}.Debug|Any CPU.Build.0 = Debug|Any CPU
		{35A34DFD-2D41-40E2-A664-3270CB660A18}.Release|Any CPU.ActiveCfg = Release|Any CPU
		{35A34DFD-2D41-40E2-A664-3270CB660A18}.Release|Any CPU.Build.0 = Release|Any CPU
		{F467FD8C-AE4C-4E4D-96F2-44B2B064BB0D}.Debug|Any CPU.ActiveCfg = Debug|Any CPU
		{F467FD8C-AE4C-4E4D-96F2-44B2B064BB0D}.Debug|Any CPU.Build.0 = Debug|Any CPU
		{F467FD8C-AE4C-4E4D-96F2-44B2B064BB0D}.Release|Any CPU.ActiveCfg = Release|Any CPU
		{F467FD8C-AE4C-4E4D-96F2-44B2B064BB0D}.Release|Any CPU.Build.0 = Release|Any CPU
	EndGlobalSection
	GlobalSection(SolutionProperties) = preSolution
		HideSolutionNode = FALSE
	EndGlobalSection
	GlobalSection(NestedProjects) = preSolution
		{AA8E02F0-232C-4A20-90A6-FF0AA8BACEA5} = {2D225523-600E-4DE4-ADFF-F80F15E2501D}
		{2AEB94E8-0D01-4440-AC4F-842522C6C604} = {F3DB22F5-351B-44E2-B17E-40F708D5D69E}
		{3F40C4FB-4BBF-4EE2-93F4-9789CACA7FD4} = {2AEB94E8-0D01-4440-AC4F-842522C6C604}
		{91CDABAC-D2D8-484C-B606-B451D9F6BBCC} = {3F40C4FB-4BBF-4EE2-93F4-9789CACA7FD4}
		{2D225523-600E-4DE4-ADFF-F80F15E2501D} = {91CDABAC-D2D8-484C-B606-B451D9F6BBCC}
		{09DFF428-0FAD-4E72-BCAC-E80A8977A201} = {354B1E56-7C2C-4A23-B3AF-32D21CAAF417}
		{354B1E56-7C2C-4A23-B3AF-32D21CAAF417} = {3F40C4FB-4BBF-4EE2-93F4-9789CACA7FD4}
		{DBBB8C8F-A697-4F4E-82A5-D180D5A0EB74} = {09DFF428-0FAD-4E72-BCAC-E80A8977A201}
		{F92C8365-73C6-4D74-B796-0E567B7A5C14} = {F3DB22F5-351B-44E2-B17E-40F708D5D69E}
		{ED5E4A31-D051-4DA5-A416-FD47AD824B04} = {F92C8365-73C6-4D74-B796-0E567B7A5C14}
		{910CCFEC-E9BB-4264-97EE-980A00AC001F} = {2AEB94E8-0D01-4440-AC4F-842522C6C604}
		{43C73404-0C24-4A27-B283-3410E3566B55} = {910CCFEC-E9BB-4264-97EE-980A00AC001F}
		{35A34DFD-2D41-40E2-A664-3270CB660A18} = {43C73404-0C24-4A27-B283-3410E3566B55}
		{CADBEF18-C5F5-4D31-8AC6-87A3CD13791E} = {910CCFEC-E9BB-4264-97EE-980A00AC001F}
		{F467FD8C-AE4C-4E4D-96F2-44B2B064BB0D} = {CADBEF18-C5F5-4D31-8AC6-87A3CD13791E}
	EndGlobalSection
	GlobalSection(ExtensibilityGlobals) = postSolution
		SolutionGuid = {68356196-FDE4-40CE-B16B-04FCA3F0E256}
	EndGlobalSection
EndGlobal
